
Microsoft Visual Studio Solution File, Format Version 12.00
# Visual Studio Version 17
VisualStudioVersion = 17.13.35507.96 d17.13
MinimumVisualStudioVersion = 10.0.40219.1
Project("{FAE04EC0-301F-11D3-BF4B-00C04F79EFBC}") = "AoC2024", "AoC2024.csproj", "{80BB552C-5E29-C025-842C-457A9860B39A}"
EndProject
Global
	GlobalSection(SolutionConfigurationPlatforms) = preSolution
		Debug|Any CPU = Debug|Any CPU
		Release|Any CPU = Release|Any CPU
	EndGlobalSection
	GlobalSection(ProjectConfigurationPlatforms) = postSolution
		{80BB552C-5E29-C025-842C-457A9860B39A}.Debug|Any CPU.ActiveCfg = Debug|Any CPU
		{80BB552C-5E29-C025-842C-457A9860B39A}.Debug|Any CPU.Build.0 = Debug|Any CPU
		{80BB552C-5E29-C025-842C-457A9860B39A}.Release|Any CPU.ActiveCfg = Release|Any CPU
		{80BB552C-5E29-C025-842C-457A9860B39A}.Release|Any CPU.Build.0 = Release|Any CPU
	EndGlobalSection
	GlobalSection(SolutionProperties) = preSolution
		HideSolutionNode = FALSE
	EndGlobalSection
	GlobalSection(ExtensibilityGlobals) = postSolution
		SolutionGuid = {A9949680-3516-4BEC-B2FF-28BDB793275E}
	EndGlobalSection
EndGlobal
